
Microsoft Visual Studio Solution File, Format Version 12.00
# Visual Studio Version 17
VisualStudioVersion = 17.7.34202.233
MinimumVisualStudioVersion = 10.0.40219.1
Project("{FAE04EC0-301F-11D3-BF4B-00C04F79EFBC}") = "RunGroopWebApp", "RunGroopWebApp\RunGroopWebApp.csproj", "{85B61460-3968-4907-944E-FE8A7455945D}"
EndProject
Global
	GlobalSection(SolutionConfigurationPlatforms) = preSolution
		Debug|Any CPU = Debug|Any CPU
		Release|Any CPU = Release|Any CPU
	EndGlobalSection
	GlobalSection(ProjectConfigurationPlatforms) = postSolution
		{85B61460-3968-4907-944E-FE8A7455945D}.Debug|Any CPU.ActiveCfg = Debug|Any CPU
		{85B61460-3968-4907-944E-FE8A7455945D}.Debug|Any CPU.Build.0 = Debug|Any CPU
		{85B61460-3968-4907-944E-FE8A7455945D}.Release|Any CPU.ActiveCfg = Release|Any CPU
		{85B61460-3968-4907-944E-FE8A7455945D}.Release|Any CPU.Build.0 = Release|Any CPU
	EndGlobalSection
	GlobalSection(SolutionProperties) = preSolution
		HideSolutionNode = FALSE
	EndGlobalSection
	GlobalSection(ExtensibilityGlobals) = postSolution
		SolutionGuid = {6260D425-1EE7-4515-8192-960AE30D7003}
	EndGlobalSection
EndGlobal
